
Microsoft Visual Studio Solution File, Format Version 12.00
# Visual Studio Version 17
VisualStudioVersion = 17.5.002.0
MinimumVisualStudioVersion = 10.0.40219.1
Project("{9A19103F-16F7-4668-BE54-9A1E7A4F7556}") = "myWebApp", "myWebApp.csproj", "{286F987D-EDC1-40DB-B1E7-608D5BAAF2E3}"
EndProject
Global
	GlobalSection(SolutionConfigurationPlatforms) = preSolution
		Debug|Any CPU = Debug|Any CPU
		Release|Any CPU = Release|Any CPU
	EndGlobalSection
	GlobalSection(ProjectConfigurationPlatforms) = postSolution
		{286F987D-EDC1-40DB-B1E7-608D5BAAF2E3}.Debug|Any CPU.ActiveCfg = Debug|Any CPU
		{286F987D-EDC1-40DB-B1E7-608D5BAAF2E3}.Debug|Any CPU.Build.0 = Debug|Any CPU
		{286F987D-EDC1-40DB-B1E7-608D5BAAF2E3}.Release|Any CPU.ActiveCfg = Release|Any CPU
		{286F987D-EDC1-40DB-B1E7-608D5BAAF2E3}.Release|Any CPU.Build.0 = Release|Any CPU
	EndGlobalSection
	GlobalSection(SolutionProperties) = preSolution
		HideSolutionNode = FALSE
	EndGlobalSection
	GlobalSection(ExtensibilityGlobals) = postSolution
		SolutionGuid = {8EE8F6B4-CB8E-432A-9945-2C1AD660F52B}
	EndGlobalSection
EndGlobal
